
Microsoft Visual Studio Solution File, Format Version 12.00
# Visual Studio Version 17
VisualStudioVersion = 17.0.31903.59
MinimumVisualStudioVersion = 10.0.40219.1
Project("{2150E333-8FDC-42A3-9474-1A3956D46DE8}") = "Source", "Source", "{F8438EE5-8E33-4006-B342-C07E72FCCF7E}"
EndProject
Project("{2150E333-8FDC-42A3-9474-1A3956D46DE8}") = "Shared", "Shared", "{3F95DDB0-3C89-43F0-9B84-A05F19DC78BE}"
EndProject
Project("{2150E333-8FDC-42A3-9474-1A3956D46DE8}") = "Common", "Common", "{73222723-5D8F-4755-970F-FFDBB83F8E22}"
EndProject
Project("{FAE04EC0-301F-11D3-BF4B-00C04F79EFBC}") = "RecipeBook.Application", "Source\Common\RecipeBook.Application\RecipeBook.Application.csproj", "{5C3E2A3A-4E40-423B-A5DF-4AC60093EDAC}"
	ProjectSection(ProjectDependencies) = postProject
		{3B1595EF-053F-40FE-91C1-5599995CE3F9} = {3B1595EF-053F-40FE-91C1-5599995CE3F9}
		{F34C56DD-9049-4110-A6A2-004C28DFC4F7} = {F34C56DD-9049-4110-A6A2-004C28DFC4F7}
		{95FF669F-228F-49FA-9484-B678E2699C97} = {95FF669F-228F-49FA-9484-B678E2699C97}
	EndProjectSection
EndProject
Project("{FAE04EC0-301F-11D3-BF4B-00C04F79EFBC}") = "RecipeBook.Domain", "Source\Common\RecipeBook.Domain\RecipeBook.Domain.csproj", "{3B1595EF-053F-40FE-91C1-5599995CE3F9}"
EndProject
Project("{FAE04EC0-301F-11D3-BF4B-00C04F79EFBC}") = "RecipeBook.Infrastructure", "Source\Common\RecipeBook.Infrastructure\RecipeBook.Infrastructure.csproj", "{95FF669F-228F-49FA-9484-B678E2699C97}"
	ProjectSection(ProjectDependencies) = postProject
		{3B1595EF-053F-40FE-91C1-5599995CE3F9} = {3B1595EF-053F-40FE-91C1-5599995CE3F9}
		{F34C56DD-9049-4110-A6A2-004C28DFC4F7} = {F34C56DD-9049-4110-A6A2-004C28DFC4F7}
	EndProjectSection
EndProject
Project("{FAE04EC0-301F-11D3-BF4B-00C04F79EFBC}") = "RecipeBook.Exceptions", "Source\Shared\RecipeBook.Exceptions\RecipeBook.Exceptions.csproj", "{F34C56DD-9049-4110-A6A2-004C28DFC4F7}"
EndProject
Project("{FAE04EC0-301F-11D3-BF4B-00C04F79EFBC}") = "RecipeBook.API", "Source\Common\RecipeBook.API\RecipeBook.API.csproj", "{25EB6DC7-0E4C-4D8C-80C8-32013F3338BE}"
	ProjectSection(ProjectDependencies) = postProject
		{5C3E2A3A-4E40-423B-A5DF-4AC60093EDAC} = {5C3E2A3A-4E40-423B-A5DF-4AC60093EDAC}
	EndProjectSection
EndProject
Project("{2150E333-8FDC-42A3-9474-1A3956D46DE8}") = "Solution Items", "Solution Items", "{38D04298-B0C6-4C32-B555-F6F800F0ED2E}"
	ProjectSection(SolutionItems) = preProject
		docker-compose.yml = docker-compose.yml
	EndProjectSection
EndProject
Global
	GlobalSection(SolutionConfigurationPlatforms) = preSolution
		Debug|Any CPU = Debug|Any CPU
		Release|Any CPU = Release|Any CPU
	EndGlobalSection
	GlobalSection(SolutionProperties) = preSolution
		HideSolutionNode = FALSE
	EndGlobalSection
	GlobalSection(NestedProjects) = preSolution
		{3F95DDB0-3C89-43F0-9B84-A05F19DC78BE} = {F8438EE5-8E33-4006-B342-C07E72FCCF7E}
		{73222723-5D8F-4755-970F-FFDBB83F8E22} = {F8438EE5-8E33-4006-B342-C07E72FCCF7E}
		{5C3E2A3A-4E40-423B-A5DF-4AC60093EDAC} = {73222723-5D8F-4755-970F-FFDBB83F8E22}
		{3B1595EF-053F-40FE-91C1-5599995CE3F9} = {73222723-5D8F-4755-970F-FFDBB83F8E22}
		{95FF669F-228F-49FA-9484-B678E2699C97} = {73222723-5D8F-4755-970F-FFDBB83F8E22}
		{F34C56DD-9049-4110-A6A2-004C28DFC4F7} = {3F95DDB0-3C89-43F0-9B84-A05F19DC78BE}
		{25EB6DC7-0E4C-4D8C-80C8-32013F3338BE} = {73222723-5D8F-4755-970F-FFDBB83F8E22}
	EndGlobalSection
	GlobalSection(ProjectConfigurationPlatforms) = postSolution
		{5C3E2A3A-4E40-423B-A5DF-4AC60093EDAC}.Debug|Any CPU.ActiveCfg = Debug|Any CPU
		{5C3E2A3A-4E40-423B-A5DF-4AC60093EDAC}.Debug|Any CPU.Build.0 = Debug|Any CPU
		{5C3E2A3A-4E40-423B-A5DF-4AC60093EDAC}.Release|Any CPU.ActiveCfg = Release|Any CPU
		{5C3E2A3A-4E40-423B-A5DF-4AC60093EDAC}.Release|Any CPU.Build.0 = Release|Any CPU
		{5C3E2A3A-4E40-423B-A5DF-4AC60093EDAC}.Debug|Any CPU.Deploy.0 = Debug|Any CPU
		{3B1595EF-053F-40FE-91C1-5599995CE3F9}.Debug|Any CPU.ActiveCfg = Debug|Any CPU
		{3B1595EF-053F-40FE-91C1-5599995CE3F9}.Debug|Any CPU.Build.0 = Debug|Any CPU
		{3B1595EF-053F-40FE-91C1-5599995CE3F9}.Release|Any CPU.ActiveCfg = Release|Any CPU
		{3B1595EF-053F-40FE-91C1-5599995CE3F9}.Release|Any CPU.Build.0 = Release|Any CPU
		{3B1595EF-053F-40FE-91C1-5599995CE3F9}.Debug|Any CPU.Deploy.0 = Debug|Any CPU
		{95FF669F-228F-49FA-9484-B678E2699C97}.Debug|Any CPU.ActiveCfg = Debug|Any CPU
		{95FF669F-228F-49FA-9484-B678E2699C97}.Debug|Any CPU.Build.0 = Debug|Any CPU
		{95FF669F-228F-49FA-9484-B678E2699C97}.Release|Any CPU.ActiveCfg = Release|Any CPU
		{95FF669F-228F-49FA-9484-B678E2699C97}.Release|Any CPU.Build.0 = Release|Any CPU
		{95FF669F-228F-49FA-9484-B678E2699C97}.Debug|Any CPU.Deploy.0 = Debug|Any CPU
		{F34C56DD-9049-4110-A6A2-004C28DFC4F7}.Debug|Any CPU.ActiveCfg = Debug|Any CPU
		{F34C56DD-9049-4110-A6A2-004C28DFC4F7}.Debug|Any CPU.Build.0 = Debug|Any CPU
		{F34C56DD-9049-4110-A6A2-004C28DFC4F7}.Release|Any CPU.ActiveCfg = Release|Any CPU
		{F34C56DD-9049-4110-A6A2-004C28DFC4F7}.Release|Any CPU.Build.0 = Release|Any CPU
		{F34C56DD-9049-4110-A6A2-004C28DFC4F7}.Debug|Any CPU.Deploy.0 = Debug|Any CPU
		{25EB6DC7-0E4C-4D8C-80C8-32013F3338BE}.Debug|Any CPU.ActiveCfg = Debug|Any CPU
		{25EB6DC7-0E4C-4D8C-80C8-32013F3338BE}.Debug|Any CPU.Build.0 = Debug|Any CPU
		{25EB6DC7-0E4C-4D8C-80C8-32013F3338BE}.Release|Any CPU.ActiveCfg = Release|Any CPU
		{25EB6DC7-0E4C-4D8C-80C8-32013F3338BE}.Release|Any CPU.Build.0 = Release|Any CPU
		{25EB6DC7-0E4C-4D8C-80C8-32013F3338BE}.Debug|Any CPU.Deploy.0 = Debug|Any CPU
	EndGlobalSection
EndGlobal
