
Microsoft Visual Studio Solution File, Format Version 12.00
# Visual Studio Version 17
VisualStudioVersion = 17.7.34202.233
MinimumVisualStudioVersion = 10.0.40219.1
Project("{2150E333-8FDC-42A3-9474-1A3956D46DE8}") = "Source", "Source", "{49769368-72A8-41C3-8F52-D5E4CCF19A94}"
EndProject
Project("{2150E333-8FDC-42A3-9474-1A3956D46DE8}") = "Tests", "Tests", "{A0808951-9721-47AE-9F87-D3E2DDE1CD65}"
EndProject
Project("{2150E333-8FDC-42A3-9474-1A3956D46DE8}") = "Common", "Common", "{E14EA486-6825-4AAF-9548-98684834B498}"
EndProject
Project("{2150E333-8FDC-42A3-9474-1A3956D46DE8}") = "Shared", "Shared", "{27417D2B-2B35-4AF2-A383-17BA7BCFA8FA}"
EndProject
Project("{9A19103F-16F7-4668-BE54-9A1E7A4F7556}") = "RecipeBook.Exceptions", "Source\Shared\RecipeBook.Exceptions\RecipeBook.Exceptions.csproj", "{36C89318-3094-49CB-8907-3739DB4CECD1}"
	ProjectSection(ProjectDependencies) = postProject
		{211C9547-EB61-4038-9534-609B6C752A15} = {211C9547-EB61-4038-9534-609B6C752A15}
		{3EC37EB0-C125-41AA-BF2D-BB7C630F5A73} = {3EC37EB0-C125-41AA-BF2D-BB7C630F5A73}
	EndProjectSection
EndProject
Project("{9A19103F-16F7-4668-BE54-9A1E7A4F7556}") = "RecipeBook.Application", "Source\Common\RecipeBook.Application\RecipeBook.Application.csproj", "{A71A066C-BCAA-4438-9B83-03896C882EF5}"
EndProject
Project("{9A19103F-16F7-4668-BE54-9A1E7A4F7556}") = "RecipeBook.Domain", "Source\Common\RecipeBook.Domain\RecipeBook.Domain.csproj", "{3EC37EB0-C125-41AA-BF2D-BB7C630F5A73}"
EndProject
Project("{9A19103F-16F7-4668-BE54-9A1E7A4F7556}") = "RecipeBook.Infrastructure", "Source\Common\RecipeBook.Infrastructure\RecipeBook.Infrastructure.csproj", "{211C9547-EB61-4038-9534-609B6C752A15}"
EndProject
Project("{9A19103F-16F7-4668-BE54-9A1E7A4F7556}") = "Validators.Test", "Tests\Validators.Test\Validators.Test.csproj", "{F99E09C3-1011-409F-A902-5FFE5ADCB824}"
EndProject
Project("{9A19103F-16F7-4668-BE54-9A1E7A4F7556}") = "Utils", "Tests\Utils\Utils.csproj", "{617E54F0-88D1-4FE5-9124-0D6323266D9D}"
EndProject
Project("{E53339B2-1760-4266-BCC7-CA923CBCF16C}") = "docker-compose", "docker-compose.dcproj", "{295098C4-EDC8-43CC-A7F0-75C73A3394E6}"
EndProject
Project("{FAE04EC0-301F-11D3-BF4B-00C04F79EFBC}") = "RecipeBook.API", "Source\Common\RecipeBook.API\RecipeBook.API.csproj", "{593CFF3F-BEBA-4A92-876C-3DAB85E1C434}"
EndProject
Global
	GlobalSection(SolutionConfigurationPlatforms) = preSolution
		Debug|Any CPU = Debug|Any CPU
		Release|Any CPU = Release|Any CPU
	EndGlobalSection
	GlobalSection(ProjectConfigurationPlatforms) = postSolution
		{36C89318-3094-49CB-8907-3739DB4CECD1}.Debug|Any CPU.ActiveCfg = Debug|Any CPU
		{36C89318-3094-49CB-8907-3739DB4CECD1}.Debug|Any CPU.Build.0 = Debug|Any CPU
		{36C89318-3094-49CB-8907-3739DB4CECD1}.Release|Any CPU.ActiveCfg = Release|Any CPU
		{36C89318-3094-49CB-8907-3739DB4CECD1}.Release|Any CPU.Build.0 = Release|Any CPU
		{A71A066C-BCAA-4438-9B83-03896C882EF5}.Debug|Any CPU.ActiveCfg = Debug|Any CPU
		{A71A066C-BCAA-4438-9B83-03896C882EF5}.Debug|Any CPU.Build.0 = Debug|Any CPU
		{A71A066C-BCAA-4438-9B83-03896C882EF5}.Release|Any CPU.ActiveCfg = Release|Any CPU
		{A71A066C-BCAA-4438-9B83-03896C882EF5}.Release|Any CPU.Build.0 = Release|Any CPU
		{3EC37EB0-C125-41AA-BF2D-BB7C630F5A73}.Debug|Any CPU.ActiveCfg = Debug|Any CPU
		{3EC37EB0-C125-41AA-BF2D-BB7C630F5A73}.Debug|Any CPU.Build.0 = Debug|Any CPU
		{3EC37EB0-C125-41AA-BF2D-BB7C630F5A73}.Release|Any CPU.ActiveCfg = Release|Any CPU
		{3EC37EB0-C125-41AA-BF2D-BB7C630F5A73}.Release|Any CPU.Build.0 = Release|Any CPU
		{211C9547-EB61-4038-9534-609B6C752A15}.Debug|Any CPU.ActiveCfg = Debug|Any CPU
		{211C9547-EB61-4038-9534-609B6C752A15}.Debug|Any CPU.Build.0 = Debug|Any CPU
		{211C9547-EB61-4038-9534-609B6C752A15}.Release|Any CPU.ActiveCfg = Release|Any CPU
		{211C9547-EB61-4038-9534-609B6C752A15}.Release|Any CPU.Build.0 = Release|Any CPU
		{F99E09C3-1011-409F-A902-5FFE5ADCB824}.Debug|Any CPU.ActiveCfg = Debug|Any CPU
		{F99E09C3-1011-409F-A902-5FFE5ADCB824}.Debug|Any CPU.Build.0 = Debug|Any CPU
		{F99E09C3-1011-409F-A902-5FFE5ADCB824}.Release|Any CPU.ActiveCfg = Release|Any CPU
		{F99E09C3-1011-409F-A902-5FFE5ADCB824}.Release|Any CPU.Build.0 = Release|Any CPU
		{617E54F0-88D1-4FE5-9124-0D6323266D9D}.Debug|Any CPU.ActiveCfg = Debug|Any CPU
		{617E54F0-88D1-4FE5-9124-0D6323266D9D}.Debug|Any CPU.Build.0 = Debug|Any CPU
		{617E54F0-88D1-4FE5-9124-0D6323266D9D}.Release|Any CPU.ActiveCfg = Release|Any CPU
		{617E54F0-88D1-4FE5-9124-0D6323266D9D}.Release|Any CPU.Build.0 = Release|Any CPU
		{295098C4-EDC8-43CC-A7F0-75C73A3394E6}.Debug|Any CPU.ActiveCfg = Debug|Any CPU
		{295098C4-EDC8-43CC-A7F0-75C73A3394E6}.Debug|Any CPU.Build.0 = Debug|Any CPU
		{295098C4-EDC8-43CC-A7F0-75C73A3394E6}.Release|Any CPU.ActiveCfg = Release|Any CPU
		{295098C4-EDC8-43CC-A7F0-75C73A3394E6}.Release|Any CPU.Build.0 = Release|Any CPU
		{593CFF3F-BEBA-4A92-876C-3DAB85E1C434}.Debug|Any CPU.ActiveCfg = Debug|Any CPU
		{593CFF3F-BEBA-4A92-876C-3DAB85E1C434}.Debug|Any CPU.Build.0 = Debug|Any CPU
		{593CFF3F-BEBA-4A92-876C-3DAB85E1C434}.Release|Any CPU.ActiveCfg = Release|Any CPU
		{593CFF3F-BEBA-4A92-876C-3DAB85E1C434}.Release|Any CPU.Build.0 = Release|Any CPU
	EndGlobalSection
	GlobalSection(SolutionProperties) = preSolution
		HideSolutionNode = FALSE
	EndGlobalSection
	GlobalSection(NestedProjects) = preSolution
		{E14EA486-6825-4AAF-9548-98684834B498} = {49769368-72A8-41C3-8F52-D5E4CCF19A94}
		{27417D2B-2B35-4AF2-A383-17BA7BCFA8FA} = {49769368-72A8-41C3-8F52-D5E4CCF19A94}
		{36C89318-3094-49CB-8907-3739DB4CECD1} = {27417D2B-2B35-4AF2-A383-17BA7BCFA8FA}
		{A71A066C-BCAA-4438-9B83-03896C882EF5} = {E14EA486-6825-4AAF-9548-98684834B498}
		{3EC37EB0-C125-41AA-BF2D-BB7C630F5A73} = {E14EA486-6825-4AAF-9548-98684834B498}
		{211C9547-EB61-4038-9534-609B6C752A15} = {E14EA486-6825-4AAF-9548-98684834B498}
		{F99E09C3-1011-409F-A902-5FFE5ADCB824} = {A0808951-9721-47AE-9F87-D3E2DDE1CD65}
		{617E54F0-88D1-4FE5-9124-0D6323266D9D} = {A0808951-9721-47AE-9F87-D3E2DDE1CD65}
		{593CFF3F-BEBA-4A92-876C-3DAB85E1C434} = {E14EA486-6825-4AAF-9548-98684834B498}
	EndGlobalSection
	GlobalSection(ExtensibilityGlobals) = postSolution
		SolutionGuid = {3300A0EF-AE3D-4074-942E-CC22F8D1DBBD}
	EndGlobalSection
EndGlobal
