
Microsoft Visual Studio Solution File, Format Version 12.00
# Visual Studio Version 17
VisualStudioVersion = 17.7.34202.233
MinimumVisualStudioVersion = 10.0.40219.1
Project("{2150E333-8FDC-42A3-9474-1A3956D46DE8}") = "Source", "Source", "{49769368-72A8-41C3-8F52-D5E4CCF19A94}"
EndProject
Project("{2150E333-8FDC-42A3-9474-1A3956D46DE8}") = "Tests", "Tests", "{A0808951-9721-47AE-9F87-D3E2DDE1CD65}"
EndProject
Project("{2150E333-8FDC-42A3-9474-1A3956D46DE8}") = "Common", "Common", "{E14EA486-6825-4AAF-9548-98684834B498}"
EndProject
Project("{2150E333-8FDC-42A3-9474-1A3956D46DE8}") = "Shared", "Shared", "{27417D2B-2B35-4AF2-A383-17BA7BCFA8FA}"
EndProject
Project("{9A19103F-16F7-4668-BE54-9A1E7A4F7556}") = "RecipeBook.Exceptions", "Source\Shared\RecipeBook.Exceptions\RecipeBook.Exceptions.csproj", "{36C89318-3094-49CB-8907-3739DB4CECD1}"
	ProjectSection(ProjectDependencies) = postProject
		{211C9547-EB61-4038-9534-609B6C752A15} = {211C9547-EB61-4038-9534-609B6C752A15}
		{3EC37EB0-C125-41AA-BF2D-BB7C630F5A73} = {3EC37EB0-C125-41AA-BF2D-BB7C630F5A73}
	EndProjectSection
EndProject
Global
	GlobalSection(SolutionConfigurationPlatforms) = preSolution
		Debug|Any CPU = Debug|Any CPU
		Release|Any CPU = Release|Any CPU
	EndGlobalSection
	GlobalSection(ProjectConfigurationPlatforms) = postSolution
		{36C89318-3094-49CB-8907-3739DB4CECD1}.Debug|Any CPU.ActiveCfg = Debug|Any CPU
		{36C89318-3094-49CB-8907-3739DB4CECD1}.Debug|Any CPU.Build.0 = Debug|Any CPU
		{36C89318-3094-49CB-8907-3739DB4CECD1}.Release|Any CPU.ActiveCfg = Release|Any CPU
		{36C89318-3094-49CB-8907-3739DB4CECD1}.Release|Any CPU.Build.0 = Release|Any CPU
	EndGlobalSection
	GlobalSection(SolutionProperties) = preSolution
		HideSolutionNode = FALSE
	EndGlobalSection
	GlobalSection(NestedProjects) = preSolution
		{E14EA486-6825-4AAF-9548-98684834B498} = {49769368-72A8-41C3-8F52-D5E4CCF19A94}
		{27417D2B-2B35-4AF2-A383-17BA7BCFA8FA} = {49769368-72A8-41C3-8F52-D5E4CCF19A94}
		{36C89318-3094-49CB-8907-3739DB4CECD1} = {27417D2B-2B35-4AF2-A383-17BA7BCFA8FA}
	EndGlobalSection
	GlobalSection(ExtensibilityGlobals) = postSolution
		SolutionGuid = {3300A0EF-AE3D-4074-942E-CC22F8D1DBBD}
	EndGlobalSection
EndGlobal
